
Microsoft Visual Studio Solution File, Format Version 12.00
# Visual Studio Version 17
VisualStudioVersion = 17.8.34330.188
MinimumVisualStudioVersion = 10.0.40219.1
Project("{FAE04EC0-301F-11D3-BF4B-00C04F79EFBC}") = "KutuphaneOtomasyonu", "KutuphaneOtomasyonu\KutuphaneOtomasyonu.csproj", "{6747E339-2AE2-462F-9C8A-C46FC4B4C05D}"
EndProject
Global
	GlobalSection(SolutionConfigurationPlatforms) = preSolution
		Debug|Any CPU = Debug|Any CPU
		Release|Any CPU = Release|Any CPU
	EndGlobalSection
	GlobalSection(ProjectConfigurationPlatforms) = postSolution
		{6747E339-2AE2-462F-9C8A-C46FC4B4C05D}.Debug|Any CPU.ActiveCfg = Debug|Any CPU
		{6747E339-2AE2-462F-9C8A-C46FC4B4C05D}.Debug|Any CPU.Build.0 = Debug|Any CPU
		{6747E339-2AE2-462F-9C8A-C46FC4B4C05D}.Release|Any CPU.ActiveCfg = Release|Any CPU
		{6747E339-2AE2-462F-9C8A-C46FC4B4C05D}.Release|Any CPU.Build.0 = Release|Any CPU
	EndGlobalSection
	GlobalSection(SolutionProperties) = preSolution
		HideSolutionNode = FALSE
	EndGlobalSection
	GlobalSection(ExtensibilityGlobals) = postSolution
		SolutionGuid = {2754F931-814D-4061-A34E-F9C17F1BD187}
	EndGlobalSection
EndGlobal
